// !$*UTF8*$!
{
	archiveVersion = 1;
	classes = {
	};
	objectVersion = 46;
	objects = {

/* Begin PBXBuildFile section */
		40924E921EE7863B002027D2 /* main.m in Sources */ = {isa = PBXBuildFile; fileRef = 40924E911EE7863B002027D2 /* main.m */; };
		40924E951EE7863B002027D2 /* AppDelegate.m in Sources */ = {isa = PBXBuildFile; fileRef = 40924E941EE7863B002027D2 /* AppDelegate.m */; };
		40924E981EE7863B002027D2 /* ViewController.m in Sources */ = {isa = PBXBuildFile; fileRef = 40924E971EE7863B002027D2 /* ViewController.m */; };
		40924E9B1EE7863B002027D2 /* Main.storyboard in Resources */ = {isa = PBXBuildFile; fileRef = 40924E991EE7863B002027D2 /* Main.storyboard */; };
		40924E9D1EE7863B002027D2 /* Assets.xcassets in Resources */ = {isa = PBXBuildFile; fileRef = 40924E9C1EE7863B002027D2 /* Assets.xcassets */; };
		40924EA01EE7863B002027D2 /* LaunchScreen.storyboard in Resources */ = {isa = PBXBuildFile; fileRef = 40924E9E1EE7863B002027D2 /* LaunchScreen.storyboard */; };
		40924EAB1EE7863B002027D2 /* FontTestTests.m in Sources */ = {isa = PBXBuildFile; fileRef = 40924EAA1EE7863B002027D2 /* FontTestTests.m */; };
		40924EB61EE7863B002027D2 /* FontTestUITests.m in Sources */ = {isa = PBXBuildFile; fileRef = 40924EB51EE7863B002027D2 /* FontTestUITests.m */; };
		40924EC51EE7905E002027D2 /* FontTool.m in Sources */ = {isa = PBXBuildFile; fileRef = 40924EC41EE7905E002027D2 /* FontTool.m */; };
/* End PBXBuildFile section */

/* Begin PBXContainerItemProxy section */
		40924EA71EE7863B002027D2 /* PBXContainerItemProxy */ = {
			isa = PBXContainerItemProxy;
			containerPortal = 40924E851EE7863B002027D2 /* Project object */;
			proxyType = 1;
			remoteGlobalIDString = 40924E8C1EE7863B002027D2;
			remoteInfo = FontTest;
		};
		40924EB21EE7863B002027D2 /* PBXContainerItemProxy */ = {
			isa = PBXContainerItemProxy;
			containerPortal = 40924E851EE7863B002027D2 /* Project object */;
			proxyType = 1;
			remoteGlobalIDString = 40924E8C1EE7863B002027D2;
			remoteInfo = FontTest;
		};
/* End PBXContainerItemProxy section */

/* Begin PBXFileReference section */
		40924E8D1EE7863B002027D2 /* FontTest.app */ = {isa = PBXFileReference; explicitFileType = wrapper.application; includeInIndex = 0; path = FontTest.app; sourceTree = BUILT_PRODUCTS_DIR; };
		40924E911EE7863B002027D2 /* main.m */ = {isa = PBXFileReference; lastKnownFileType = sourcecode.c.objc; path = main.m; sourceTree = "<group>"; };
		40924E931EE7863B002027D2 /* AppDelegate.h */ = {isa = PBXFileReference; lastKnownFileType = sourcecode.c.h; path = AppDelegate.h; sourceTree = "<group>"; };
		40924E941EE7863B002027D2 /* AppDelegate.m */ = {isa = PBXFileReference; lastKnownFileType = sourcecode.c.objc; path = AppDelegate.m; sourceTree = "<group>"; };
		40924E961EE7863B002027D2 /* ViewController.h */ = {isa = PBXFileReference; lastKnownFileType = sourcecode.c.h; path = ViewController.h; sourceTree = "<group>"; };
		40924E971EE7863B002027D2 /* ViewController.m */ = {isa = PBXFileReference; lastKnownFileType = sourcecode.c.objc; path = ViewController.m; sourceTree = "<group>"; };
		40924E9A1EE7863B002027D2 /* Base */ = {isa = PBXFileReference; lastKnownFileType = file.storyboard; name = Base; path = Base.lproj/Main.storyboard; sourceTree = "<group>"; };
		40924E9C1EE7863B002027D2 /* Assets.xcassets */ = {isa = PBXFileReference; lastKnownFileType = folder.assetcatalog; path = Assets.xcassets; sourceTree = "<group>"; };
		40924E9F1EE7863B002027D2 /* Base */ = {isa = PBXFileReference; lastKnownFileType = file.storyboard; name = Base; path = Base.lproj/LaunchScreen.storyboard; sourceTree = "<group>"; };
		40924EA11EE7863B002027D2 /* Info.plist */ = {isa = PBXFileReference; lastKnownFileType = text.plist.xml; path = Info.plist; sourceTree = "<group>"; };
		40924EA61EE7863B002027D2 /* FontTestTests.xctest */ = {isa = PBXFileReference; explicitFileType = wrapper.cfbundle; includeInIndex = 0; path = FontTestTests.xctest; sourceTree = BUILT_PRODUCTS_DIR; };
		40924EAA1EE7863B002027D2 /* FontTestTests.m */ = {isa = PBXFileReference; lastKnownFileType = sourcecode.c.objc; path = FontTestTests.m; sourceTree = "<group>"; };
		40924EAC1EE7863B002027D2 /* Info.plist */ = {isa = PBXFileReference; lastKnownFileType = text.plist.xml; path = Info.plist; sourceTree = "<group>"; };
		40924EB11EE7863B002027D2 /* FontTestUITests.xctest */ = {isa = PBXFileReference; explicitFileType = wrapper.cfbundle; includeInIndex = 0; path = FontTestUITests.xctest; sourceTree = BUILT_PRODUCTS_DIR; };
		40924EB51EE7863B002027D2 /* FontTestUITests.m */ = {isa = PBXFileReference; lastKnownFileType = sourcecode.c.objc; path = FontTestUITests.m; sourceTree = "<group>"; };
		40924EB71EE7863B002027D2 /* Info.plist */ = {isa = PBXFileReference; lastKnownFileType = text.plist.xml; path = Info.plist; sourceTree = "<group>"; };
		40924EC31EE7905E002027D2 /* FontTool.h */ = {isa = PBXFileReference; fileEncoding = 4; lastKnownFileType = sourcecode.c.h; path = FontTool.h; sourceTree = "<group>"; };
		40924EC41EE7905E002027D2 /* FontTool.m */ = {isa = PBXFileReference; fileEncoding = 4; lastKnownFileType = sourcecode.c.objc; path = FontTool.m; sourceTree = "<group>"; };
/* End PBXFileReference section */

/* Begin PBXFrameworksBuildPhase section */
		40924E8A1EE7863B002027D2 /* Frameworks */ = {
			isa = PBXFrameworksBuildPhase;
			buildActionMask = 2147483647;
			files = (
			);
			runOnlyForDeploymentPostprocessing = 0;
		};
		40924EA31EE7863B002027D2 /* Frameworks */ = {
			isa = PBXFrameworksBuildPhase;
			buildActionMask = 2147483647;
			files = (
			);
			runOnlyForDeploymentPostprocessing = 0;
		};
		40924EAE1EE7863B002027D2 /* Frameworks */ = {
			isa = PBXFrameworksBuildPhase;
			buildActionMask = 2147483647;
			files = (
			);
			runOnlyForDeploymentPostprocessing = 0;
		};
/* End PBXFrameworksBuildPhase section */

/* Begin PBXGroup section */
		40924E841EE7863B002027D2 = {
			isa = PBXGroup;
			children = (
				40924E8F1EE7863B002027D2 /* FontTest */,
				40924EA91EE7863B002027D2 /* FontTestTests */,
				40924EB41EE7863B002027D2 /* FontTestUITests */,
				40924E8E1EE7863B002027D2 /* Products */,
			);
			sourceTree = "<group>";
		};
		40924E8E1EE7863B002027D2 /* Products */ = {
			isa = PBXGroup;
			children = (
				40924E8D1EE7863B002027D2 /* FontTest.app */,
				40924EA61EE7863B002027D2 /* FontTestTests.xctest */,
				40924EB11EE7863B002027D2 /* FontTestUITests.xctest */,
			);
			name = Products;
			sourceTree = "<group>";
		};
		40924E8F1EE7863B002027D2 /* FontTest */ = {
			isa = PBXGroup;
			children = (
				40924E931EE7863B002027D2 /* AppDelegate.h */,
				40924E941EE7863B002027D2 /* AppDelegate.m */,
				40924E961EE7863B002027D2 /* ViewController.h */,
				40924E971EE7863B002027D2 /* ViewController.m */,
				40924EC31EE7905E002027D2 /* FontTool.h */,
				40924EC41EE7905E002027D2 /* FontTool.m */,
				40924E991EE7863B002027D2 /* Main.storyboard */,
				40924E9C1EE7863B002027D2 /* Assets.xcassets */,
				40924E9E1EE7863B002027D2 /* LaunchScreen.storyboard */,
				40924EA11EE7863B002027D2 /* Info.plist */,
				40924E901EE7863B002027D2 /* Supporting Files */,
			);
			path = FontTest;
			sourceTree = "<group>";
		};
		40924E901EE7863B002027D2 /* Supporting Files */ = {
			isa = PBXGroup;
			children = (
				40924E911EE7863B002027D2 /* main.m */,
			);
			name = "Supporting Files";
			sourceTree = "<group>";
		};
		40924EA91EE7863B002027D2 /* FontTestTests */ = {
			isa = PBXGroup;
			children = (
				40924EAA1EE7863B002027D2 /* FontTestTests.m */,
				40924EAC1EE7863B002027D2 /* Info.plist */,
			);
			path = FontTestTests;
			sourceTree = "<group>";
		};
		40924EB41EE7863B002027D2 /* FontTestUITests */ = {
			isa = PBXGroup;
			children = (
				40924EB51EE7863B002027D2 /* FontTestUITests.m */,
				40924EB71EE7863B002027D2 /* Info.plist */,
			);
			path = FontTestUITests;
			sourceTree = "<group>";
		};
/* End PBXGroup section */

/* Begin PBXNativeTarget section */
		40924E8C1EE7863B002027D2 /* FontTest */ = {
			isa = PBXNativeTarget;
			buildConfigurationList = 40924EBA1EE7863B002027D2 /* Build configuration list for PBXNativeTarget "FontTest" */;
			buildPhases = (
				40924E891EE7863B002027D2 /* Sources */,
				40924E8A1EE7863B002027D2 /* Frameworks */,
				40924E8B1EE7863B002027D2 /* Resources */,
			);
			buildRules = (
			);
			dependencies = (
			);
			name = FontTest;
			productName = FontTest;
			productReference = 40924E8D1EE7863B002027D2 /* FontTest.app */;
			productType = "com.apple.product-type.application";
		};
		40924EA51EE7863B002027D2 /* FontTestTests */ = {
			isa = PBXNativeTarget;
			buildConfigurationList = 40924EBD1EE7863B002027D2 /* Build configuration list for PBXNativeTarget "FontTestTests" */;
			buildPhases = (
				40924EA21EE7863B002027D2 /* Sources */,
				40924EA31EE7863B002027D2 /* Frameworks */,
				40924EA41EE7863B002027D2 /* Resources */,
			);
			buildRules = (
			);
			dependencies = (
				40924EA81EE7863B002027D2 /* PBXTargetDependency */,
			);
			name = FontTestTests;
			productName = FontTestTests;
			productReference = 40924EA61EE7863B002027D2 /* FontTestTests.xctest */;
			productType = "com.apple.product-type.bundle.unit-test";
		};
		40924EB01EE7863B002027D2 /* FontTestUITests */ = {
			isa = PBXNativeTarget;
			buildConfigurationList = 40924EC01EE7863B002027D2 /* Build configuration list for PBXNativeTarget "FontTestUITests" */;
			buildPhases = (
				40924EAD1EE7863B002027D2 /* Sources */,
				40924EAE1EE7863B002027D2 /* Frameworks */,
				40924EAF1EE7863B002027D2 /* Resources */,
			);
			buildRules = (
			);
			dependencies = (
				40924EB31EE7863B002027D2 /* PBXTargetDependency */,
			);
			name = FontTestUITests;
			productName = FontTestUITests;
			productReference = 40924EB11EE7863B002027D2 /* FontTestUITests.xctest */;
			productType = "com.apple.product-type.bundle.ui-testing";
		};
/* End PBXNativeTarget section */

/* Begin PBXProject section */
		40924E851EE7863B002027D2 /* Project object */ = {
			isa = PBXProject;
			attributes = {
				LastUpgradeCheck = 0830;
				ORGANIZATIONNAME = "周鹏";
				TargetAttributes = {
					40924E8C1EE7863B002027D2 = {
						CreatedOnToolsVersion = 8.3.2;
						DevelopmentTeam = 8MXW9M63S4;
						ProvisioningStyle = Automatic;
					};
					40924EA51EE7863B002027D2 = {
						CreatedOnToolsVersion = 8.3.2;
						DevelopmentTeam = 2Q889J6PHV;
						ProvisioningStyle = Automatic;
						TestTargetID = 40924E8C1EE7863B002027D2;
					};
					40924EB01EE7863B002027D2 = {
						CreatedOnToolsVersion = 8.3.2;
						DevelopmentTeam = 2Q889J6PHV;
						ProvisioningStyle = Automatic;
						TestTargetID = 40924E8C1EE7863B002027D2;
					};
				};
			};
			buildConfigurationList = 40924E881EE7863B002027D2 /* Build configuration list for PBXProject "FontTest" */;
			compatibilityVersion = "Xcode 3.2";
			developmentRegion = English;
			hasScannedForEncodings = 0;
			knownRegions = (
				en,
				Base,
			);
			mainGroup = 40924E841EE7863B002027D2;
			productRefGroup = 40924E8E1EE7863B002027D2 /* Products */;
			projectDirPath = "";
			projectRoot = "";
			targets = (
				40924E8C1EE7863B002027D2 /* FontTest */,
				40924EA51EE7863B002027D2 /* FontTestTests */,
				40924EB01EE7863B002027D2 /* FontTestUITests */,
			);
		};
/* End PBXProject section */

/* Begin PBXResourcesBuildPhase section */
		40924E8B1EE7863B002027D2 /* Resources */ = {
			isa = PBXResourcesBuildPhase;
			buildActionMask = 2147483647;
			files = (
				40924EA01EE7863B002027D2 /* LaunchScreen.storyboard in Resources */,
				40924E9D1EE7863B002027D2 /* Assets.xcassets in Resources */,
				40924E9B1EE7863B002027D2 /* Main.storyboard in Resources */,
			);
			runOnlyForDeploymentPostprocessing = 0;
		};
		40924EA41EE7863B002027D2 /* Resources */ = {
			isa = PBXResourcesBuildPhase;
			buildActionMask = 2147483647;
			files = (
			);
			runOnlyForDeploymentPostprocessing = 0;
		};
		40924EAF1EE7863B002027D2 /* Resources */ = {
			isa = PBXResourcesBuildPhase;
			buildActionMask = 2147483647;
			files = (
			);
			runOnlyForDeploymentPostprocessing = 0;
		};
/* End PBXResourcesBuildPhase section */

/* Begin PBXSourcesBuildPhase section */
		40924E891EE7863B002027D2 /* Sources */ = {
			isa = PBXSourcesBuildPhase;
			buildActionMask = 2147483647;
			files = (
				40924E981EE7863B002027D2 /* ViewController.m in Sources */,
				40924E951EE7863B002027D2 /* AppDelegate.m in Sources */,
				40924EC51EE7905E002027D2 /* FontTool.m in Sources */,
				40924E921EE7863B002027D2 /* main.m in Sources */,
			);
			runOnlyForDeploymentPostprocessing = 0;
		};
		40924EA21EE7863B002027D2 /* Sources */ = {
			isa = PBXSourcesBuildPhase;
			buildActionMask = 2147483647;
			files = (
				40924EAB1EE7863B002027D2 /* FontTestTests.m in Sources */,
			);
			runOnlyForDeploymentPostprocessing = 0;
		};
		40924EAD1EE7863B002027D2 /* Sources */ = {
			isa = PBXSourcesBuildPhase;
			buildActionMask = 2147483647;
			files = (
				40924EB61EE7863B002027D2 /* FontTestUITests.m in Sources */,
			);
			runOnlyForDeploymentPostprocessing = 0;
		};
/* End PBXSourcesBuildPhase section */

/* Begin PBXTargetDependency section */
		40924EA81EE7863B002027D2 /* PBXTargetDependency */ = {
			isa = PBXTargetDependency;
			target = 40924E8C1EE7863B002027D2 /* FontTest */;
			targetProxy = 40924EA71EE7863B002027D2 /* PBXContainerItemProxy */;
		};
		40924EB31EE7863B002027D2 /* PBXTargetDependency */ = {
			isa = PBXTargetDependency;
			target = 40924E8C1EE7863B002027D2 /* FontTest */;
			targetProxy = 40924EB21EE7863B002027D2 /* PBXContainerItemProxy */;
		};
/* End PBXTargetDependency section */

/* Begin PBXVariantGroup section */
		40924E991EE7863B002027D2 /* Main.storyboard */ = {
			isa = PBXVariantGroup;
			children = (
				40924E9A1EE7863B002027D2 /* Base */,
			);
			name = Main.storyboard;
			sourceTree = "<group>";
		};
		40924E9E1EE7863B002027D2 /* LaunchScreen.storyboard */ = {
			isa = PBXVariantGroup;
			children = (
				40924E9F1EE7863B002027D2 /* Base */,
			);
			name = LaunchScreen.storyboard;
			sourceTree = "<group>";
		};
/* End PBXVariantGroup section */

/* Begin XCBuildConfiguration section */
		40924EB81EE7863B002027D2 /* Debug */ = {
			isa = XCBuildConfiguration;
			buildSettings = {
				ALWAYS_SEARCH_USER_PATHS = NO;
				CLANG_ANALYZER_NONNULL = YES;
				CLANG_ANALYZER_NUMBER_OBJECT_CONVERSION = YES_AGGRESSIVE;
				CLANG_CXX_LANGUAGE_STANDARD = "gnu++0x";
				CLANG_CXX_LIBRARY = "libc++";
				CLANG_ENABLE_MODULES = YES;
				CLANG_ENABLE_OBJC_ARC = YES;
				CLANG_WARN_BOOL_CONVERSION = YES;
				CLANG_WARN_CONSTANT_CONVERSION = YES;
				CLANG_WARN_DIRECT_OBJC_ISA_USAGE = YES_ERROR;
				CLANG_WARN_DOCUMENTATION_COMMENTS = YES;
				CLANG_WARN_EMPTY_BODY = YES;
				CLANG_WARN_ENUM_CONVERSION = YES;
				CLANG_WARN_INFINITE_RECURSION = YES;
				CLANG_WARN_INT_CONVERSION = YES;
				CLANG_WARN_OBJC_ROOT_CLASS = YES_ERROR;
				CLANG_WARN_SUSPICIOUS_MOVE = YES;
				CLANG_WARN_UNREACHABLE_CODE = YES;
				CLANG_WARN__DUPLICATE_METHOD_MATCH = YES;
				"CODE_SIGN_IDENTITY[sdk=iphoneos*]" = "iPhone Developer";
				COPY_PHASE_STRIP = NO;
				DEBUG_INFORMATION_FORMAT = dwarf;
				ENABLE_STRICT_OBJC_MSGSEND = YES;
				ENABLE_TESTABILITY = YES;
				GCC_C_LANGUAGE_STANDARD = gnu99;
				GCC_DYNAMIC_NO_PIC = NO;
				GCC_NO_COMMON_BLOCKS = YES;
				GCC_OPTIMIZATION_LEVEL = 0;
				GCC_PREPROCESSOR_DEFINITIONS = (
					"DEBUG=1",
					"$(inherited)",
				);
				GCC_WARN_64_TO_32_BIT_CONVERSION = YES;
				GCC_WARN_ABOUT_RETURN_TYPE = YES_ERROR;
				GCC_WARN_UNDECLARED_SELECTOR = YES;
				GCC_WARN_UNINITIALIZED_AUTOS = YES_AGGRESSIVE;
				GCC_WARN_UNUSED_FUNCTION = YES;
				GCC_WARN_UNUSED_VARIABLE = YES;
				IPHONEOS_DEPLOYMENT_TARGET = 10.3;
				MTL_ENABLE_DEBUG_INFO = YES;
				ONLY_ACTIVE_ARCH = YES;
				SDKROOT = iphoneos;
			};
			name = Debug;
		};
		40924EB91EE7863B002027D2 /* Release */ = {
			isa = XCBuildConfiguration;
			buildSettings = {
				ALWAYS_SEARCH_USER_PATHS = NO;
				CLANG_ANALYZER_NONNULL = YES;
				CLANG_ANALYZER_NUMBER_OBJECT_CONVERSION = YES_AGGRESSIVE;
				CLANG_CXX_LANGUAGE_STANDARD = "gnu++0x";
				CLANG_CXX_LIBRARY = "libc++";
				CLANG_ENABLE_MODULES = YES;
				CLANG_ENABLE_OBJC_ARC = YES;
				CLANG_WARN_BOOL_CONVERSION = YES;
				CLANG_WARN_CONSTANT_CONVERSION = YES;
				CLANG_WARN_DIRECT_OBJC_ISA_USAGE = YES_ERROR;
				CLANG_WARN_DOCUMENTATION_COMMENTS = YES;
				CLANG_WARN_EMPTY_BODY = YES;
				CLANG_WARN_ENUM_CONVERSION = YES;
				CLANG_WARN_INFINITE_RECURSION = YES;
				CLANG_WARN_INT_CONVERSION = YES;
				CLANG_WARN_OBJC_ROOT_CLASS = YES_ERROR;
				CLANG_WARN_SUSPICIOUS_MOVE = YES;
				CLANG_WARN_UNREACHABLE_CODE = YES;
				CLANG_WARN__DUPLICATE_METHOD_MATCH = YES;
				"CODE_SIGN_IDENTITY[sdk=iphoneos*]" = "iPhone Developer";
				COPY_PHASE_STRIP = NO;
				DEBUG_INFORMATION_FORMAT = "dwarf-with-dsym";
				ENABLE_NS_ASSERTIONS = NO;
				ENABLE_STRICT_OBJC_MSGSEND = YES;
				GCC_C_LANGUAGE_STANDARD = gnu99;
				GCC_NO_COMMON_BLOCKS = YES;
				GCC_WARN_64_TO_32_BIT_CONVERSION = YES;
				GCC_WARN_ABOUT_RETURN_TYPE = YES_ERROR;
				GCC_WARN_UNDECLARED_SELECTOR = YES;
				GCC_WARN_UNINITIALIZED_AUTOS = YES_AGGRESSIVE;
				GCC_WARN_UNUSED_FUNCTION = YES;
				GCC_WARN_UNUSED_VARIABLE = YES;
				IPHONEOS_DEPLOYMENT_TARGET = 10.3;
				MTL_ENABLE_DEBUG_INFO = NO;
				SDKROOT = iphoneos;
				VALIDATE_PRODUCT = YES;
			};
			name = Release;
		};
		40924EBB1EE7863B002027D2 /* Debug */ = {
			isa = XCBuildConfiguration;
			buildSettings = {
				ASSETCATALOG_COMPILER_APPICON_NAME = AppIcon;
				DEVELOPMENT_TEAM = 8MXW9M63S4;
				INFOPLIST_FILE = FontTest/Info.plist;
				LD_RUNPATH_SEARCH_PATHS = "$(inherited) @executable_path/Frameworks";
				PRODUCT_BUNDLE_IDENTIFIER = "--.FontTest";
				PRODUCT_NAME = "$(TARGET_NAME)";
			};
			name = Debug;
		};
		40924EBC1EE7863B002027D2 /* Release */ = {
			isa = XCBuildConfiguration;
			buildSettings = {
				ASSETCATALOG_COMPILER_APPICON_NAME = AppIcon;
				DEVELOPMENT_TEAM = 8MXW9M63S4;
				INFOPLIST_FILE = FontTest/Info.plist;
				LD_RUNPATH_SEARCH_PATHS = "$(inherited) @executable_path/Frameworks";
				PRODUCT_BUNDLE_IDENTIFIER = "--.FontTest";
				PRODUCT_NAME = "$(TARGET_NAME)";
			};
			name = Release;
		};
		40924EBE1EE7863B002027D2 /* Debug */ = {
			isa = XCBuildConfiguration;
			buildSettings = {
				BUNDLE_LOADER = "$(TEST_HOST)";
				DEVELOPMENT_TEAM = 2Q889J6PHV;
				INFOPLIST_FILE = FontTestTests/Info.plist;
				LD_RUNPATH_SEARCH_PATHS = "$(inherited) @executable_path/Frameworks @loader_path/Frameworks";
				PRODUCT_BUNDLE_IDENTIFIER = "--.FontTestTests";
				PRODUCT_NAME = "$(TARGET_NAME)";
				TEST_HOST = "$(BUILT_PRODUCTS_DIR)/FontTest.app/FontTest";
			};
			name = Debug;
		};
		40924EBF1EE7863B002027D2 /* Release */ = {
			isa = XCBuildConfiguration;
			buildSettings = {
				BUNDLE_LOADER = "$(TEST_HOST)";
				DEVELOPMENT_TEAM = 2Q889J6PHV;
				INFOPLIST_FILE = FontTestTests/Info.plist;
				LD_RUNPATH_SEARCH_PATHS = "$(inherited) @executable_path/Frameworks @loader_path/Frameworks";
				PRODUCT_BUNDLE_IDENTIFIER = "--.FontTestTests";
				PRODUCT_NAME = "$(TARGET_NAME)";
				TEST_HOST = "$(BUILT_PRODUCTS_DIR)/FontTest.app/FontTest";
			};
			name = Release;
		};
		40924EC11EE7863B002027D2 /* Debug */ = {
			isa = XCBuildConfiguration;
			buildSettings = {
				DEVELOPMENT_TEAM = 2Q889J6PHV;
				INFOPLIST_FILE = FontTestUITests/Info.plist;
				LD_RUNPATH_SEARCH_PATHS = "$(inherited) @executable_path/Frameworks @loader_path/Frameworks";
				PRODUCT_BUNDLE_IDENTIFIER = "--.FontTestUITests";
				PRODUCT_NAME = "$(TARGET_NAME)";
				TEST_TARGET_NAME = FontTest;
			};
			name = Debug;
		};
		40924EC21EE7863B002027D2 /* Release */ = {
			isa = XCBuildConfiguration;
			buildSettings = {
				DEVELOPMENT_TEAM = 2Q889J6PHV;
				INFOPLIST_FILE = FontTestUITests/Info.plist;
				LD_RUNPATH_SEARCH_PATHS = "$(inherited) @executable_path/Frameworks @loader_path/Frameworks";
				PRODUCT_BUNDLE_IDENTIFIER = "--.FontTestUITests";
				PRODUCT_NAME = "$(TARGET_NAME)";
				TEST_TARGET_NAME = FontTest;
			};
			name = Release;
		};
/* End XCBuildConfiguration section */

/* Begin XCConfigurationList section */
		40924E881EE7863B002027D2 /* Build configuration list for PBXProject "FontTest" */ = {
			isa = XCConfigurationList;
			buildConfigurations = (
				40924EB81EE7863B002027D2 /* Debug */,
				40924EB91EE7863B002027D2 /* Release */,
			);
			defaultConfigurationIsVisible = 0;
			defaultConfigurationName = Release;
		};
		40924EBA1EE7863B002027D2 /* Build configuration list for PBXNativeTarget "FontTest" */ = {
			isa = XCConfigurationList;
			buildConfigurations = (
				40924EBB1EE7863B002027D2 /* Debug */,
				40924EBC1EE7863B002027D2 /* Release */,
			);
			defaultConfigurationIsVisible = 0;
			defaultConfigurationName = Release;
		};
		40924EBD1EE7863B002027D2 /* Build configuration list for PBXNativeTarget "FontTestTests" */ = {
			isa = XCConfigurationList;
			buildConfigurations = (
				40924EBE1EE7863B002027D2 /* Debug */,
				40924EBF1EE7863B002027D2 /* Release */,
			);
			defaultConfigurationIsVisible = 0;
			defaultConfigurationName = Release;
		};
		40924EC01EE7863B002027D2 /* Build configuration list for PBXNativeTarget "FontTestUITests" */ = {
			isa = XCConfigurationList;
			buildConfigurations = (
				40924EC11EE7863B002027D2 /* Debug */,
				40924EC21EE7863B002027D2 /* Release */,
			);
			defaultConfigurationIsVisible = 0;
			defaultConfigurationName = Release;
		};
/* End XCConfigurationList section */
	};
	rootObject = 40924E851EE7863B002027D2 /* Project object */;
}
